
Microsoft Visual Studio Solution File, Format Version 12.00
# Visual Studio Version 16
VisualStudioVersion = 16.0.29519.87
MinimumVisualStudioVersion = 10.0.40219.1
Project("{FAE04EC0-301F-11D3-BF4B-00C04F79EFBC}") = "ReviewFile", "ReviewFile\ReviewFile.csproj", "{301FB6A5-5F79-4BE0-820D-857920A34DAA}"
EndProject
Project("{FAE04EC0-301F-11D3-BF4B-00C04F79EFBC}") = "TestingRadom", "TestingRadom\TestingRadom.csproj", "{71F90A39-2A4E-4F20-91BB-573153E6229F}"
EndProject
Project("{FAE04EC0-301F-11D3-BF4B-00C04F79EFBC}") = "TestingThreadPool", "TestingThreadPool\TestingThreadPool.csproj", "{3FAA0DC6-7600-4B3E-8D8F-C014B0A3C110}"
EndProject
Project("{FAE04EC0-301F-11D3-BF4B-00C04F79EFBC}") = "LittleGame", "LittleGame\LittleGame.csproj", "{D318EC78-E574-4A5D-A6ED-6947673D042D}"
EndProject
Project("{FAE04EC0-301F-11D3-BF4B-00C04F79EFBC}") = "Sort4", "Sort4\Sort4.csproj", "{9205FC2D-D883-4084-BAFD-DD69931CFFF6}"
EndProject
Global
	GlobalSection(SolutionConfigurationPlatforms) = preSolution
		Debug|Any CPU = Debug|Any CPU
		Release|Any CPU = Release|Any CPU
	EndGlobalSection
	GlobalSection(ProjectConfigurationPlatforms) = postSolution
		{301FB6A5-5F79-4BE0-820D-857920A34DAA}.Debug|Any CPU.ActiveCfg = Debug|Any CPU
		{301FB6A5-5F79-4BE0-820D-857920A34DAA}.Debug|Any CPU.Build.0 = Debug|Any CPU
		{301FB6A5-5F79-4BE0-820D-857920A34DAA}.Release|Any CPU.ActiveCfg = Release|Any CPU
		{301FB6A5-5F79-4BE0-820D-857920A34DAA}.Release|Any CPU.Build.0 = Release|Any CPU
		{71F90A39-2A4E-4F20-91BB-573153E6229F}.Debug|Any CPU.ActiveCfg = Debug|Any CPU
		{71F90A39-2A4E-4F20-91BB-573153E6229F}.Debug|Any CPU.Build.0 = Debug|Any CPU
		{71F90A39-2A4E-4F20-91BB-573153E6229F}.Release|Any CPU.ActiveCfg = Release|Any CPU
		{71F90A39-2A4E-4F20-91BB-573153E6229F}.Release|Any CPU.Build.0 = Release|Any CPU
		{3FAA0DC6-7600-4B3E-8D8F-C014B0A3C110}.Debug|Any CPU.ActiveCfg = Debug|Any CPU
		{3FAA0DC6-7600-4B3E-8D8F-C014B0A3C110}.Debug|Any CPU.Build.0 = Debug|Any CPU
		{3FAA0DC6-7600-4B3E-8D8F-C014B0A3C110}.Release|Any CPU.ActiveCfg = Release|Any CPU
		{3FAA0DC6-7600-4B3E-8D8F-C014B0A3C110}.Release|Any CPU.Build.0 = Release|Any CPU
		{D318EC78-E574-4A5D-A6ED-6947673D042D}.Debug|Any CPU.ActiveCfg = Debug|Any CPU
		{D318EC78-E574-4A5D-A6ED-6947673D042D}.Debug|Any CPU.Build.0 = Debug|Any CPU
		{D318EC78-E574-4A5D-A6ED-6947673D042D}.Release|Any CPU.ActiveCfg = Release|Any CPU
		{D318EC78-E574-4A5D-A6ED-6947673D042D}.Release|Any CPU.Build.0 = Release|Any CPU
		{9205FC2D-D883-4084-BAFD-DD69931CFFF6}.Debug|Any CPU.ActiveCfg = Debug|Any CPU
		{9205FC2D-D883-4084-BAFD-DD69931CFFF6}.Debug|Any CPU.Build.0 = Debug|Any CPU
		{9205FC2D-D883-4084-BAFD-DD69931CFFF6}.Release|Any CPU.ActiveCfg = Release|Any CPU
		{9205FC2D-D883-4084-BAFD-DD69931CFFF6}.Release|Any CPU.Build.0 = Release|Any CPU
	EndGlobalSection
	GlobalSection(SolutionProperties) = preSolution
		HideSolutionNode = FALSE
	EndGlobalSection
	GlobalSection(ExtensibilityGlobals) = postSolution
		SolutionGuid = {64C7BBAA-079D-4330-9FE8-560404E03A27}
	EndGlobalSection
EndGlobal
